
Microsoft Visual Studio Solution File, Format Version 12.00
# Visual Studio Version 17
VisualStudioVersion = 17.11.35312.102
MinimumVisualStudioVersion = 10.0.40219.1
Project("{FAE04EC0-301F-11D3-BF4B-00C04F79EFBC}") = "lab3_oop", "lab3_oop.csproj", "{3FDD750E-15F9-4E30-93A8-6A3BA3C7943E}"
EndProject
Global
	GlobalSection(SolutionConfigurationPlatforms) = preSolution
		Debug|Any CPU = Debug|Any CPU
		Release|Any CPU = Release|Any CPU
	EndGlobalSection
	GlobalSection(ProjectConfigurationPlatforms) = postSolution
		{3FDD750E-15F9-4E30-93A8-6A3BA3C7943E}.Debug|Any CPU.ActiveCfg = Debug|Any CPU
		{3FDD750E-15F9-4E30-93A8-6A3BA3C7943E}.Debug|Any CPU.Build.0 = Debug|Any CPU
		{3FDD750E-15F9-4E30-93A8-6A3BA3C7943E}.Debug|Any CPU.Deploy.0 = Debug|Any CPU
		{3FDD750E-15F9-4E30-93A8-6A3BA3C7943E}.Release|Any CPU.ActiveCfg = Release|Any CPU
		{3FDD750E-15F9-4E30-93A8-6A3BA3C7943E}.Release|Any CPU.Build.0 = Release|Any CPU
		{3FDD750E-15F9-4E30-93A8-6A3BA3C7943E}.Release|Any CPU.Deploy.0 = Release|Any CPU
	EndGlobalSection
	GlobalSection(SolutionProperties) = preSolution
		HideSolutionNode = FALSE
	EndGlobalSection
	GlobalSection(ExtensibilityGlobals) = postSolution
		SolutionGuid = {096F22CC-F1D8-4668-B1DF-6ACE6B43EF15}
	EndGlobalSection
EndGlobal
